{
  "requires": true,
  "lockfileVersion": 1,
  "dependencies": {
    "@tensorflow/tfjs-core": {
      "version": "0.11.9",
      "resolved": "https://registry.npmjs.org/@tensorflow/tfjs-core/-/tfjs-core-0.11.9.tgz",
      "integrity": "sha512-upxSDwgGMGNiBBoyo8FTF67pCB/odBoN9THJzB65VDpxwHs66fI09caowzKW4fwDTLk6cExSsNlAPFSjra6Rxg==",
      "requires": {
        "seedrandom": "2.4.3"
      }
    },
    "face-api.js": {
      "version": "0.10.0",
      "resolved": "https://registry.npmjs.org/face-api.js/-/face-api.js-0.10.0.tgz",
      "integrity": "sha512-fzeAntiObPE2h+rxbCoD+YKn1SeCCP2tF+Z1WFqYRmz7Y0/R/JLGrux0lHWO0AjjO31tp5fc/7HYfKVZnCGulQ==",
      "requires": {
        "@tensorflow/tfjs-core": "0.11.9"
      }
    },
    "seedrandom": {
      "version": "2.4.3",
      "resolved": "https://registry.npmjs.org/seedrandom/-/seedrandom-2.4.3.tgz",
      "integrity": "sha1-JDhQTa0zkXMUv/GKxNeU8W1qrsw="
    }
  }
}
